
Microsoft Visual Studio Solution File, Format Version 12.00
# Visual Studio Version 16
VisualStudioVersion = 16.0.31624.102
MinimumVisualStudioVersion = 10.0.40219.1
Project("{FAE04EC0-301F-11D3-BF4B-00C04F79EFBC}") = "ContacktsAppUI", "ContacktsAppUI.csproj", "{91815886-67E7-40B3-908F-994C5482915A}"
EndProject
Project("{FAE04EC0-301F-11D3-BF4B-00C04F79EFBC}") = "ContacktsApp", "..\ContacktsApp\ContacktsApp.csproj", "{90CA5981-888A-4230-A6C5-96F72E75D95E}"
EndProject
Global
	GlobalSection(SolutionConfigurationPlatforms) = preSolution
		Debug|Any CPU = Debug|Any CPU
		Release|Any CPU = Release|Any CPU
	EndGlobalSection
	GlobalSection(ProjectConfigurationPlatforms) = postSolution
		{91815886-67E7-40B3-908F-994C5482915A}.Debug|Any CPU.ActiveCfg = Debug|Any CPU
		{91815886-67E7-40B3-908F-994C5482915A}.Debug|Any CPU.Build.0 = Debug|Any CPU
		{91815886-67E7-40B3-908F-994C5482915A}.Release|Any CPU.ActiveCfg = Release|Any CPU
		{91815886-67E7-40B3-908F-994C5482915A}.Release|Any CPU.Build.0 = Release|Any CPU
		{90CA5981-888A-4230-A6C5-96F72E75D95E}.Debug|Any CPU.ActiveCfg = Debug|Any CPU
		{90CA5981-888A-4230-A6C5-96F72E75D95E}.Debug|Any CPU.Build.0 = Debug|Any CPU
		{90CA5981-888A-4230-A6C5-96F72E75D95E}.Release|Any CPU.ActiveCfg = Release|Any CPU
		{90CA5981-888A-4230-A6C5-96F72E75D95E}.Release|Any CPU.Build.0 = Release|Any CPU
	EndGlobalSection
	GlobalSection(SolutionProperties) = preSolution
		HideSolutionNode = FALSE
	EndGlobalSection
	GlobalSection(ExtensibilityGlobals) = postSolution
		SolutionGuid = {67EFC720-68C6-4F00-8F55-3C4B879747B6}
	EndGlobalSection
EndGlobal
