
Microsoft Visual Studio Solution File, Format Version 12.00
# Visual Studio Version 16
VisualStudioVersion = 16.0.31624.102
MinimumVisualStudioVersion = 10.0.40219.1
Project("{FAE04EC0-301F-11D3-BF4B-00C04F79EFBC}") = "ContactsApp", "ContactsApp\ContactsApp.csproj", "{90CA5981-888A-4230-A6C5-96F72E75D95E}"
EndProject
Project("{FAE04EC0-301F-11D3-BF4B-00C04F79EFBC}") = "ContactsAppUI", "ContactsAppUI\ContactsAppUI.csproj", "{74B4AD61-8BB9-4753-A97D-F0C63D368C29}"
EndProject
Project("{2150E333-8FDC-42A3-9474-1A3956D46DE8}") = "Test", "Test", "{46BED9FC-87CF-4D55-B0AB-B6C946080575}"
EndProject
Global
	GlobalSection(SolutionConfigurationPlatforms) = preSolution
		Debug|Any CPU = Debug|Any CPU
		Release|Any CPU = Release|Any CPU
	EndGlobalSection
	GlobalSection(ProjectConfigurationPlatforms) = postSolution
		{90CA5981-888A-4230-A6C5-96F72E75D95E}.Debug|Any CPU.ActiveCfg = Debug|Any CPU
		{90CA5981-888A-4230-A6C5-96F72E75D95E}.Debug|Any CPU.Build.0 = Debug|Any CPU
		{90CA5981-888A-4230-A6C5-96F72E75D95E}.Release|Any CPU.ActiveCfg = Release|Any CPU
		{90CA5981-888A-4230-A6C5-96F72E75D95E}.Release|Any CPU.Build.0 = Release|Any CPU
		{74B4AD61-8BB9-4753-A97D-F0C63D368C29}.Debug|Any CPU.ActiveCfg = Debug|Any CPU
		{74B4AD61-8BB9-4753-A97D-F0C63D368C29}.Debug|Any CPU.Build.0 = Debug|Any CPU
		{74B4AD61-8BB9-4753-A97D-F0C63D368C29}.Release|Any CPU.ActiveCfg = Release|Any CPU
		{74B4AD61-8BB9-4753-A97D-F0C63D368C29}.Release|Any CPU.Build.0 = Release|Any CPU
	EndGlobalSection
	GlobalSection(SolutionProperties) = preSolution
		HideSolutionNode = FALSE
	EndGlobalSection
	GlobalSection(ExtensibilityGlobals) = postSolution
		SolutionGuid = {67EFC720-68C6-4F00-8F55-3C4B879747B6}
	EndGlobalSection
EndGlobal
